
Microsoft Visual Studio Solution File, Format Version 12.00
# Visual Studio Version 16
VisualStudioVersion = 16.0.30804.86
MinimumVisualStudioVersion = 10.0.40219.1
Project("{FAE04EC0-301F-11D3-BF4B-00C04F79EFBC}") = "ValheimCharacterBackup", "ValheimCharacterBackup.csproj", "{9F1FD05B-B4F0-4BAE-BED8-A3440E7DEECB}"
EndProject
Global
	GlobalSection(SolutionConfigurationPlatforms) = preSolution
		Debug|Any CPU = Debug|Any CPU
		Release|Any CPU = Release|Any CPU
	EndGlobalSection
	GlobalSection(ProjectConfigurationPlatforms) = postSolution
		{9F1FD05B-B4F0-4BAE-BED8-A3440E7DEECB}.Debug|Any CPU.ActiveCfg = Debug|Any CPU
		{9F1FD05B-B4F0-4BAE-BED8-A3440E7DEECB}.Debug|Any CPU.Build.0 = Debug|Any CPU
		{9F1FD05B-B4F0-4BAE-BED8-A3440E7DEECB}.Release|Any CPU.ActiveCfg = Release|Any CPU
		{9F1FD05B-B4F0-4BAE-BED8-A3440E7DEECB}.Release|Any CPU.Build.0 = Release|Any CPU
	EndGlobalSection
	GlobalSection(SolutionProperties) = preSolution
		HideSolutionNode = FALSE
	EndGlobalSection
	GlobalSection(ExtensibilityGlobals) = postSolution
		SolutionGuid = {0006734D-8354-46CB-9162-60686A0E0BC3}
	EndGlobalSection
EndGlobal
